
Microsoft Visual Studio Solution File, Format Version 12.00
# Visual Studio Version 17
VisualStudioVersion = 17.11.35303.130
MinimumVisualStudioVersion = 10.0.40219.1
Project("{FAE04EC0-301F-11D3-BF4B-00C04F79EFBC}") = "Projeto01", "Projeto01\Projeto01.csproj", "{75863F53-CD13-4865-A31D-59C97EB688AF}"
EndProject
Global
	GlobalSection(SolutionConfigurationPlatforms) = preSolution
		Debug|Any CPU = Debug|Any CPU
		Release|Any CPU = Release|Any CPU
	EndGlobalSection
	GlobalSection(ProjectConfigurationPlatforms) = postSolution
		{75863F53-CD13-4865-A31D-59C97EB688AF}.Debug|Any CPU.ActiveCfg = Debug|Any CPU
		{75863F53-CD13-4865-A31D-59C97EB688AF}.Debug|Any CPU.Build.0 = Debug|Any CPU
		{75863F53-CD13-4865-A31D-59C97EB688AF}.Release|Any CPU.ActiveCfg = Release|Any CPU
		{75863F53-CD13-4865-A31D-59C97EB688AF}.Release|Any CPU.Build.0 = Release|Any CPU
	EndGlobalSection
	GlobalSection(SolutionProperties) = preSolution
		HideSolutionNode = FALSE
	EndGlobalSection
	GlobalSection(ExtensibilityGlobals) = postSolution
		SolutionGuid = {3CCB2DD9-F683-4231-ADAD-7955E4469867}
	EndGlobalSection
EndGlobal
